
Microsoft Visual Studio Solution File, Format Version 12.00
# Visual Studio Version 16
VisualStudioVersion = 16.0.30717.126
MinimumVisualStudioVersion = 10.0.40219.1
Project("{9A19103F-16F7-4668-BE54-9A1E7A4F7556}") = "AppInicial", "AppInicial\AppInicial.csproj", "{E350D679-4DA9-4B90-8EEE-E26B12A1647C}"
EndProject
Project("{9A19103F-16F7-4668-BE54-9A1E7A4F7556}") = "ConsoleApp.BL", "ConsoleApp.BL\ConsoleApp.BL.csproj", "{1B04A7DE-BFA9-4994-B74A-4B969C602060}"
EndProject
Project("{9A19103F-16F7-4668-BE54-9A1E7A4F7556}") = "AppInicial.DAL", "AppInicial.DAL\AppInicial.DAL.csproj", "{B8F1081C-4470-4ED0-AB84-3F1B972C01D8}"
EndProject
Project("{9A19103F-16F7-4668-BE54-9A1E7A4F7556}") = "AppInicial.CORE", "AppInicial.CORE\AppInicial.CORE.csproj", "{0242AB92-FD0A-435F-98D4-BFEE3D995693}"
EndProject
Project("{9A19103F-16F7-4668-BE54-9A1E7A4F7556}") = "AppInicial.IntegrationTests", "AppInicial.IntegrationTest\AppInicial.IntegrationTests.csproj", "{2902FB82-868E-40DD-BA10-59C36318F929}"
EndProject
Global
	GlobalSection(SolutionConfigurationPlatforms) = preSolution
		Debug|Any CPU = Debug|Any CPU
		Release|Any CPU = Release|Any CPU
	EndGlobalSection
	GlobalSection(ProjectConfigurationPlatforms) = postSolution
		{E350D679-4DA9-4B90-8EEE-E26B12A1647C}.Debug|Any CPU.ActiveCfg = Debug|Any CPU
		{E350D679-4DA9-4B90-8EEE-E26B12A1647C}.Debug|Any CPU.Build.0 = Debug|Any CPU
		{E350D679-4DA9-4B90-8EEE-E26B12A1647C}.Release|Any CPU.ActiveCfg = Release|Any CPU
		{E350D679-4DA9-4B90-8EEE-E26B12A1647C}.Release|Any CPU.Build.0 = Release|Any CPU
		{1B04A7DE-BFA9-4994-B74A-4B969C602060}.Debug|Any CPU.ActiveCfg = Debug|Any CPU
		{1B04A7DE-BFA9-4994-B74A-4B969C602060}.Debug|Any CPU.Build.0 = Debug|Any CPU
		{1B04A7DE-BFA9-4994-B74A-4B969C602060}.Release|Any CPU.ActiveCfg = Release|Any CPU
		{1B04A7DE-BFA9-4994-B74A-4B969C602060}.Release|Any CPU.Build.0 = Release|Any CPU
		{B8F1081C-4470-4ED0-AB84-3F1B972C01D8}.Debug|Any CPU.ActiveCfg = Debug|Any CPU
		{B8F1081C-4470-4ED0-AB84-3F1B972C01D8}.Debug|Any CPU.Build.0 = Debug|Any CPU
		{B8F1081C-4470-4ED0-AB84-3F1B972C01D8}.Release|Any CPU.ActiveCfg = Release|Any CPU
		{B8F1081C-4470-4ED0-AB84-3F1B972C01D8}.Release|Any CPU.Build.0 = Release|Any CPU
		{0242AB92-FD0A-435F-98D4-BFEE3D995693}.Debug|Any CPU.ActiveCfg = Debug|Any CPU
		{0242AB92-FD0A-435F-98D4-BFEE3D995693}.Debug|Any CPU.Build.0 = Debug|Any CPU
		{0242AB92-FD0A-435F-98D4-BFEE3D995693}.Release|Any CPU.ActiveCfg = Release|Any CPU
		{0242AB92-FD0A-435F-98D4-BFEE3D995693}.Release|Any CPU.Build.0 = Release|Any CPU
		{2902FB82-868E-40DD-BA10-59C36318F929}.Debug|Any CPU.ActiveCfg = Debug|Any CPU
		{2902FB82-868E-40DD-BA10-59C36318F929}.Debug|Any CPU.Build.0 = Debug|Any CPU
		{2902FB82-868E-40DD-BA10-59C36318F929}.Release|Any CPU.ActiveCfg = Release|Any CPU
		{2902FB82-868E-40DD-BA10-59C36318F929}.Release|Any CPU.Build.0 = Release|Any CPU
	EndGlobalSection
	GlobalSection(SolutionProperties) = preSolution
		HideSolutionNode = FALSE
	EndGlobalSection
	GlobalSection(ExtensibilityGlobals) = postSolution
		SolutionGuid = {7A3A6247-79F9-43AA-BC33-06DC61B4D0BB}
	EndGlobalSection
EndGlobal
